
Microsoft Visual Studio Solution File, Format Version 12.00
# Visual Studio Version 17
VisualStudioVersion = 17.7.34024.191
MinimumVisualStudioVersion = 10.0.40219.1
Project("{FAE04EC0-301F-11D3-BF4B-00C04F79EFBC}") = "Chương 4", "Chương 4\Chương 4.csproj", "{6F401FAC-2C4C-4E00-A829-418BD1538634}"
EndProject
Project("{FAE04EC0-301F-11D3-BF4B-00C04F79EFBC}") = "Chương 5", "Chương 5\Chương 5.csproj", "{322D2EC7-332C-427B-B27D-7ED4B40BC8B0}"
EndProject
Project("{FAE04EC0-301F-11D3-BF4B-00C04F79EFBC}") = "Chương 3", "Chương 3\Chương 3.csproj", "{BBB15614-8FFF-4B70-A087-D4C704068CB2}"
EndProject
Global
	GlobalSection(SolutionConfigurationPlatforms) = preSolution
		Debug|Any CPU = Debug|Any CPU
		Release|Any CPU = Release|Any CPU
	EndGlobalSection
	GlobalSection(ProjectConfigurationPlatforms) = postSolution
		{6F401FAC-2C4C-4E00-A829-418BD1538634}.Debug|Any CPU.ActiveCfg = Debug|Any CPU
		{6F401FAC-2C4C-4E00-A829-418BD1538634}.Debug|Any CPU.Build.0 = Debug|Any CPU
		{6F401FAC-2C4C-4E00-A829-418BD1538634}.Release|Any CPU.ActiveCfg = Release|Any CPU
		{6F401FAC-2C4C-4E00-A829-418BD1538634}.Release|Any CPU.Build.0 = Release|Any CPU
		{322D2EC7-332C-427B-B27D-7ED4B40BC8B0}.Debug|Any CPU.ActiveCfg = Debug|Any CPU
		{322D2EC7-332C-427B-B27D-7ED4B40BC8B0}.Debug|Any CPU.Build.0 = Debug|Any CPU
		{322D2EC7-332C-427B-B27D-7ED4B40BC8B0}.Release|Any CPU.ActiveCfg = Release|Any CPU
		{322D2EC7-332C-427B-B27D-7ED4B40BC8B0}.Release|Any CPU.Build.0 = Release|Any CPU
		{BBB15614-8FFF-4B70-A087-D4C704068CB2}.Debug|Any CPU.ActiveCfg = Debug|Any CPU
		{BBB15614-8FFF-4B70-A087-D4C704068CB2}.Debug|Any CPU.Build.0 = Debug|Any CPU
		{BBB15614-8FFF-4B70-A087-D4C704068CB2}.Release|Any CPU.ActiveCfg = Release|Any CPU
		{BBB15614-8FFF-4B70-A087-D4C704068CB2}.Release|Any CPU.Build.0 = Release|Any CPU
	EndGlobalSection
	GlobalSection(SolutionProperties) = preSolution
		HideSolutionNode = FALSE
	EndGlobalSection
	GlobalSection(ExtensibilityGlobals) = postSolution
		SolutionGuid = {A479004C-AB50-4AB9-B2A2-A963B9817FB3}
	EndGlobalSection
EndGlobal
